
Microsoft Visual Studio Solution File, Format Version 12.00
# Visual Studio Version 17
VisualStudioVersion = 17.13.35825.156
MinimumVisualStudioVersion = 10.0.40219.1
Project("{FAE04EC0-301F-11D3-BF4B-00C04F79EFBC}") = "HMCSnacks", "HMCSnacks.csproj", "{CAE7FCD2-0A8E-6C7F-2DEE-02EDCE1CA224}"
EndProject
Global
	GlobalSection(SolutionConfigurationPlatforms) = preSolution
		Debug|Any CPU = Debug|Any CPU
		Release|Any CPU = Release|Any CPU
	EndGlobalSection
	GlobalSection(ProjectConfigurationPlatforms) = postSolution
		{CAE7FCD2-0A8E-6C7F-2DEE-02EDCE1CA224}.Debug|Any CPU.ActiveCfg = Debug|Any CPU
		{CAE7FCD2-0A8E-6C7F-2DEE-02EDCE1CA224}.Debug|Any CPU.Build.0 = Debug|Any CPU
		{CAE7FCD2-0A8E-6C7F-2DEE-02EDCE1CA224}.Release|Any CPU.ActiveCfg = Release|Any CPU
		{CAE7FCD2-0A8E-6C7F-2DEE-02EDCE1CA224}.Release|Any CPU.Build.0 = Release|Any CPU
	EndGlobalSection
	GlobalSection(SolutionProperties) = preSolution
		HideSolutionNode = FALSE
	EndGlobalSection
	GlobalSection(ExtensibilityGlobals) = postSolution
		SolutionGuid = {28AE502C-62B5-4CB0-96E7-D2E478A7F5C8}
	EndGlobalSection
EndGlobal
